// !$*UTF8*$!
{
	archiveVersion = 1;
	classes = {
	};
	objectVersion = 56;
	objects = {

/* Begin PBXBuildFile section */
		7200B6422B7D2D0000937A77 /* SoundManager.swift in Sources */ = {isa = PBXBuildFile; fileRef = 7200B6412B7D2D0000937A77 /* SoundManager.swift */; };
		7200B6442B7D2EFA00937A77 /* newXSound.mp3 in Resources */ = {isa = PBXBuildFile; fileRef = 7200B6432B7D2EFA00937A77 /* newXSound.mp3 */; };
		7200B6462B7D2F0F00937A77 /* newOSound.mp3 in Resources */ = {isa = PBXBuildFile; fileRef = 7200B6452B7D2F0F00937A77 /* newOSound.mp3 */; };
		727F3A382B7D2367003F42E9 /* RealityKitContent in Frameworks */ = {isa = PBXBuildFile; productRef = 727F3A372B7D2367003F42E9 /* RealityKitContent */; };
		727F3A3A2B7D2367003F42E9 /* Visionary_Tic_Tac_ToeApp.swift in Sources */ = {isa = PBXBuildFile; fileRef = 727F3A392B7D2367003F42E9 /* Visionary_Tic_Tac_ToeApp.swift */; };
		727F3A3C2B7D2367003F42E9 /* ContentView.swift in Sources */ = {isa = PBXBuildFile; fileRef = 727F3A3B2B7D2367003F42E9 /* ContentView.swift */; };
		727F3A3E2B7D2368003F42E9 /* Assets.xcassets in Resources */ = {isa = PBXBuildFile; fileRef = 727F3A3D2B7D2368003F42E9 /* Assets.xcassets */; };
		727F3A412B7D2368003F42E9 /* Preview Assets.xcassets in Resources */ = {isa = PBXBuildFile; fileRef = 727F3A402B7D2368003F42E9 /* Preview Assets.xcassets */; };
		727F3A492B7D2515003F42E9 /* Cell.swift in Sources */ = {isa = PBXBuildFile; fileRef = 727F3A482B7D2515003F42E9 /* Cell.swift */; };
		727F3A4B2B7D2529003F42E9 /* GameState.swift in Sources */ = {isa = PBXBuildFile; fileRef = 727F3A4A2B7D2529003F42E9 /* GameState.swift */; };
		727F3A4D2B7D271D003F42E9 /* TicTacToe.swift in Sources */ = {isa = PBXBuildFile; fileRef = 727F3A4C2B7D271D003F42E9 /* TicTacToe.swift */; };
/* End PBXBuildFile section */

/* Begin PBXFileReference section */
		7200B6412B7D2D0000937A77 /* SoundManager.swift */ = {isa = PBXFileReference; lastKnownFileType = sourcecode.swift; path = SoundManager.swift; sourceTree = "<group>"; };
		7200B6432B7D2EFA00937A77 /* newXSound.mp3 */ = {isa = PBXFileReference; lastKnownFileType = audio.mp3; path = newXSound.mp3; sourceTree = "<group>"; };
		7200B6452B7D2F0F00937A77 /* newOSound.mp3 */ = {isa = PBXFileReference; lastKnownFileType = audio.mp3; path = newOSound.mp3; sourceTree = "<group>"; };
		727F3A322B7D2367003F42E9 /* Visionary Tic Tac Toe.app */ = {isa = PBXFileReference; explicitFileType = wrapper.application; includeInIndex = 0; path = "Visionary Tic Tac Toe.app"; sourceTree = BUILT_PRODUCTS_DIR; };
		727F3A362B7D2367003F42E9 /* RealityKitContent */ = {isa = PBXFileReference; lastKnownFileType = wrapper; path = RealityKitContent; sourceTree = "<group>"; };
		727F3A392B7D2367003F42E9 /* Visionary_Tic_Tac_ToeApp.swift */ = {isa = PBXFileReference; lastKnownFileType = sourcecode.swift; path = Visionary_Tic_Tac_ToeApp.swift; sourceTree = "<group>"; };
		727F3A3B2B7D2367003F42E9 /* ContentView.swift */ = {isa = PBXFileReference; lastKnownFileType = sourcecode.swift; path = ContentView.swift; sourceTree = "<group>"; };
		727F3A3D2B7D2368003F42E9 /* Assets.xcassets */ = {isa = PBXFileReference; lastKnownFileType = folder.assetcatalog; path = Assets.xcassets; sourceTree = "<group>"; };
		727F3A402B7D2368003F42E9 /* Preview Assets.xcassets */ = {isa = PBXFileReference; lastKnownFileType = folder.assetcatalog; path = "Preview Assets.xcassets"; sourceTree = "<group>"; };
		727F3A422B7D2368003F42E9 /* Info.plist */ = {isa = PBXFileReference; lastKnownFileType = text.plist.xml; path = Info.plist; sourceTree = "<group>"; };
		727F3A482B7D2515003F42E9 /* Cell.swift */ = {isa = PBXFileReference; lastKnownFileType = sourcecode.swift; path = Cell.swift; sourceTree = "<group>"; };
		727F3A4A2B7D2529003F42E9 /* GameState.swift */ = {isa = PBXFileReference; lastKnownFileType = sourcecode.swift; path = GameState.swift; sourceTree = "<group>"; };
		727F3A4C2B7D271D003F42E9 /* TicTacToe.swift */ = {isa = PBXFileReference; lastKnownFileType = sourcecode.swift; path = TicTacToe.swift; sourceTree = "<group>"; };
/* End PBXFileReference section */

/* Begin PBXFrameworksBuildPhase section */
		727F3A2F2B7D2367003F42E9 /* Frameworks */ = {
			isa = PBXFrameworksBuildPhase;
			buildActionMask = 2147483647;
			files = (
				727F3A382B7D2367003F42E9 /* RealityKitContent in Frameworks */,
			);
			runOnlyForDeploymentPostprocessing = 0;
		};
/* End PBXFrameworksBuildPhase section */

/* Begin PBXGroup section */
		727F3A292B7D2367003F42E9 = {
			isa = PBXGroup;
			children = (
				727F3A342B7D2367003F42E9 /* Visionary Tic Tac Toe */,
				727F3A352B7D2367003F42E9 /* Packages */,
				727F3A332B7D2367003F42E9 /* Products */,
			);
			sourceTree = "<group>";
		};
		727F3A332B7D2367003F42E9 /* Products */ = {
			isa = PBXGroup;
			children = (
				727F3A322B7D2367003F42E9 /* Visionary Tic Tac Toe.app */,
			);
			name = Products;
			sourceTree = "<group>";
		};
		727F3A342B7D2367003F42E9 /* Visionary Tic Tac Toe */ = {
			isa = PBXGroup;
			children = (
				727F3A392B7D2367003F42E9 /* Visionary_Tic_Tac_ToeApp.swift */,
				727F3A3B2B7D2367003F42E9 /* ContentView.swift */,
				7200B6452B7D2F0F00937A77 /* newOSound.mp3 */,
				7200B6432B7D2EFA00937A77 /* newXSound.mp3 */,
				727F3A4C2B7D271D003F42E9 /* TicTacToe.swift */,
				7200B6412B7D2D0000937A77 /* SoundManager.swift */,
				727F3A4A2B7D2529003F42E9 /* GameState.swift */,
				727F3A482B7D2515003F42E9 /* Cell.swift */,
				727F3A3D2B7D2368003F42E9 /* Assets.xcassets */,
				727F3A422B7D2368003F42E9 /* Info.plist */,
				727F3A3F2B7D2368003F42E9 /* Preview Content */,
			);
			path = "Visionary Tic Tac Toe";
			sourceTree = "<group>";
		};
		727F3A352B7D2367003F42E9 /* Packages */ = {
			isa = PBXGroup;
			children = (
				727F3A362B7D2367003F42E9 /* RealityKitContent */,
			);
			path = Packages;
			sourceTree = "<group>";
		};
		727F3A3F2B7D2368003F42E9 /* Preview Content */ = {
			isa = PBXGroup;
			children = (
				727F3A402B7D2368003F42E9 /* Preview Assets.xcassets */,
			);
			path = "Preview Content";
			sourceTree = "<group>";
		};
/* End PBXGroup section */

/* Begin PBXNativeTarget section */
		727F3A312B7D2367003F42E9 /* Visionary Tic Tac Toe */ = {
			isa = PBXNativeTarget;
			buildConfigurationList = 727F3A452B7D2368003F42E9 /* Build configuration list for PBXNativeTarget "Visionary Tic Tac Toe" */;
			buildPhases = (
				727F3A2E2B7D2367003F42E9 /* Sources */,
				727F3A2F2B7D2367003F42E9 /* Frameworks */,
				727F3A302B7D2367003F42E9 /* Resources */,
			);
			buildRules = (
			);
			dependencies = (
			);
			name = "Visionary Tic Tac Toe";
			packageProductDependencies = (
				727F3A372B7D2367003F42E9 /* RealityKitContent */,
			);
			productName = "Visionary Tic Tac Toe";
			productReference = 727F3A322B7D2367003F42E9 /* Visionary Tic Tac Toe.app */;
			productType = "com.apple.product-type.application";
		};
/* End PBXNativeTarget section */

/* Begin PBXProject section */
		727F3A2A2B7D2367003F42E9 /* Project object */ = {
			isa = PBXProject;
			attributes = {
				BuildIndependentTargetsInParallel = 1;
				LastSwiftUpdateCheck = 1520;
				LastUpgradeCheck = 1520;
				TargetAttributes = {
					727F3A312B7D2367003F42E9 = {
						CreatedOnToolsVersion = 15.2;
					};
				};
			};
			buildConfigurationList = 727F3A2D2B7D2367003F42E9 /* Build configuration list for PBXProject "Visionary Tic Tac Toe" */;
			compatibilityVersion = "Xcode 14.0";
			developmentRegion = en;
			hasScannedForEncodings = 0;
			knownRegions = (
				en,
				Base,
			);
			mainGroup = 727F3A292B7D2367003F42E9;
			productRefGroup = 727F3A332B7D2367003F42E9 /* Products */;
			projectDirPath = "";
			projectRoot = "";
			targets = (
				727F3A312B7D2367003F42E9 /* Visionary Tic Tac Toe */,
			);
		};
/* End PBXProject section */

/* Begin PBXResourcesBuildPhase section */
		727F3A302B7D2367003F42E9 /* Resources */ = {
			isa = PBXResourcesBuildPhase;
			buildActionMask = 2147483647;
			files = (
				7200B6442B7D2EFA00937A77 /* newXSound.mp3 in Resources */,
				7200B6462B7D2F0F00937A77 /* newOSound.mp3 in Resources */,
				727F3A412B7D2368003F42E9 /* Preview Assets.xcassets in Resources */,
				727F3A3E2B7D2368003F42E9 /* Assets.xcassets in Resources */,
			);
			runOnlyForDeploymentPostprocessing = 0;
		};
/* End PBXResourcesBuildPhase section */

/* Begin PBXSourcesBuildPhase section */
		727F3A2E2B7D2367003F42E9 /* Sources */ = {
			isa = PBXSourcesBuildPhase;
			buildActionMask = 2147483647;
			files = (
				727F3A3C2B7D2367003F42E9 /* ContentView.swift in Sources */,
				727F3A4B2B7D2529003F42E9 /* GameState.swift in Sources */,
				727F3A3A2B7D2367003F42E9 /* Visionary_Tic_Tac_ToeApp.swift in Sources */,
				727F3A492B7D2515003F42E9 /* Cell.swift in Sources */,
				727F3A4D2B7D271D003F42E9 /* TicTacToe.swift in Sources */,
				7200B6422B7D2D0000937A77 /* SoundManager.swift in Sources */,
			);
			runOnlyForDeploymentPostprocessing = 0;
		};
/* End PBXSourcesBuildPhase section */

/* Begin XCBuildConfiguration section */
		727F3A432B7D2368003F42E9 /* Debug */ = {
			isa = XCBuildConfiguration;
			buildSettings = {
				ALWAYS_SEARCH_USER_PATHS = NO;
				ASSETCATALOG_COMPILER_GENERATE_SWIFT_ASSET_SYMBOL_EXTENSIONS = YES;
				CLANG_ANALYZER_NONNULL = YES;
				CLANG_ANALYZER_NUMBER_OBJECT_CONVERSION = YES_AGGRESSIVE;
				CLANG_CXX_LANGUAGE_STANDARD = "gnu++20";
				CLANG_ENABLE_MODULES = YES;
				CLANG_ENABLE_OBJC_ARC = YES;
				CLANG_ENABLE_OBJC_WEAK = YES;
				CLANG_WARN_BLOCK_CAPTURE_AUTORELEASING = YES;
				CLANG_WARN_BOOL_CONVERSION = YES;
				CLANG_WARN_COMMA = YES;
				CLANG_WARN_CONSTANT_CONVERSION = YES;
				CLANG_WARN_DEPRECATED_OBJC_IMPLEMENTATIONS = YES;
				CLANG_WARN_DIRECT_OBJC_ISA_USAGE = YES_ERROR;
				CLANG_WARN_DOCUMENTATION_COMMENTS = YES;
				CLANG_WARN_EMPTY_BODY = YES;
				CLANG_WARN_ENUM_CONVERSION = YES;
				CLANG_WARN_INFINITE_RECURSION = YES;
				CLANG_WARN_INT_CONVERSION = YES;
				CLANG_WARN_NON_LITERAL_NULL_CONVERSION = YES;
				CLANG_WARN_OBJC_IMPLICIT_RETAIN_SELF = YES;
				CLANG_WARN_OBJC_LITERAL_CONVERSION = YES;
				CLANG_WARN_OBJC_ROOT_CLASS = YES_ERROR;
				CLANG_WARN_QUOTED_INCLUDE_IN_FRAMEWORK_HEADER = YES;
				CLANG_WARN_RANGE_LOOP_ANALYSIS = YES;
				CLANG_WARN_STRICT_PROTOTYPES = YES;
				CLANG_WARN_SUSPICIOUS_MOVE = YES;
				CLANG_WARN_UNGUARDED_AVAILABILITY = YES_AGGRESSIVE;
				CLANG_WARN_UNREACHABLE_CODE = YES;
				CLANG_WARN__DUPLICATE_METHOD_MATCH = YES;
				COPY_PHASE_STRIP = NO;
				DEBUG_INFORMATION_FORMAT = dwarf;
				ENABLE_STRICT_OBJC_MSGSEND = YES;
				ENABLE_TESTABILITY = YES;
				ENABLE_USER_SCRIPT_SANDBOXING = YES;
				GCC_C_LANGUAGE_STANDARD = gnu17;
				GCC_DYNAMIC_NO_PIC = NO;
				GCC_NO_COMMON_BLOCKS = YES;
				GCC_OPTIMIZATION_LEVEL = 0;
				GCC_PREPROCESSOR_DEFINITIONS = (
					"DEBUG=1",
					"$(inherited)",
				);
				GCC_WARN_64_TO_32_BIT_CONVERSION = YES;
				GCC_WARN_ABOUT_RETURN_TYPE = YES_ERROR;
				GCC_WARN_UNDECLARED_SELECTOR = YES;
				GCC_WARN_UNINITIALIZED_AUTOS = YES_AGGRESSIVE;
				GCC_WARN_UNUSED_FUNCTION = YES;
				GCC_WARN_UNUSED_VARIABLE = YES;
				LOCALIZATION_PREFERS_STRING_CATALOGS = YES;
				MTL_ENABLE_DEBUG_INFO = INCLUDE_SOURCE;
				MTL_FAST_MATH = YES;
				ONLY_ACTIVE_ARCH = YES;
				SDKROOT = xros;
				SWIFT_ACTIVE_COMPILATION_CONDITIONS = "DEBUG $(inherited)";
				SWIFT_OPTIMIZATION_LEVEL = "-Onone";
				XROS_DEPLOYMENT_TARGET = 1.0;
			};
			name = Debug;
		};
		727F3A442B7D2368003F42E9 /* Release */ = {
			isa = XCBuildConfiguration;
			buildSettings = {
				ALWAYS_SEARCH_USER_PATHS = NO;
				ASSETCATALOG_COMPILER_GENERATE_SWIFT_ASSET_SYMBOL_EXTENSIONS = YES;
				CLANG_ANALYZER_NONNULL = YES;
				CLANG_ANALYZER_NUMBER_OBJECT_CONVERSION = YES_AGGRESSIVE;
				CLANG_CXX_LANGUAGE_STANDARD = "gnu++20";
				CLANG_ENABLE_MODULES = YES;
				CLANG_ENABLE_OBJC_ARC = YES;
				CLANG_ENABLE_OBJC_WEAK = YES;
				CLANG_WARN_BLOCK_CAPTURE_AUTORELEASING = YES;
				CLANG_WARN_BOOL_CONVERSION = YES;
				CLANG_WARN_COMMA = YES;
				CLANG_WARN_CONSTANT_CONVERSION = YES;
				CLANG_WARN_DEPRECATED_OBJC_IMPLEMENTATIONS = YES;
				CLANG_WARN_DIRECT_OBJC_ISA_USAGE = YES_ERROR;
				CLANG_WARN_DOCUMENTATION_COMMENTS = YES;
				CLANG_WARN_EMPTY_BODY = YES;
				CLANG_WARN_ENUM_CONVERSION = YES;
				CLANG_WARN_INFINITE_RECURSION = YES;
				CLANG_WARN_INT_CONVERSION = YES;
				CLANG_WARN_NON_LITERAL_NULL_CONVERSION = YES;
				CLANG_WARN_OBJC_IMPLICIT_RETAIN_SELF = YES;
				CLANG_WARN_OBJC_LITERAL_CONVERSION = YES;
				CLANG_WARN_OBJC_ROOT_CLASS = YES_ERROR;
				CLANG_WARN_QUOTED_INCLUDE_IN_FRAMEWORK_HEADER = YES;
				CLANG_WARN_RANGE_LOOP_ANALYSIS = YES;
				CLANG_WARN_STRICT_PROTOTYPES = YES;
				CLANG_WARN_SUSPICIOUS_MOVE = YES;
				CLANG_WARN_UNGUARDED_AVAILABILITY = YES_AGGRESSIVE;
				CLANG_WARN_UNREACHABLE_CODE = YES;
				CLANG_WARN__DUPLICATE_METHOD_MATCH = YES;
				COPY_PHASE_STRIP = NO;
				DEBUG_INFORMATION_FORMAT = "dwarf-with-dsym";
				ENABLE_NS_ASSERTIONS = NO;
				ENABLE_STRICT_OBJC_MSGSEND = YES;
				ENABLE_USER_SCRIPT_SANDBOXING = YES;
				GCC_C_LANGUAGE_STANDARD = gnu17;
				GCC_NO_COMMON_BLOCKS = YES;
				GCC_WARN_64_TO_32_BIT_CONVERSION = YES;
				GCC_WARN_ABOUT_RETURN_TYPE = YES_ERROR;
				GCC_WARN_UNDECLARED_SELECTOR = YES;
				GCC_WARN_UNINITIALIZED_AUTOS = YES_AGGRESSIVE;
				GCC_WARN_UNUSED_FUNCTION = YES;
				GCC_WARN_UNUSED_VARIABLE = YES;
				LOCALIZATION_PREFERS_STRING_CATALOGS = YES;
				MTL_ENABLE_DEBUG_INFO = NO;
				MTL_FAST_MATH = YES;
				SDKROOT = xros;
				SWIFT_COMPILATION_MODE = wholemodule;
				VALIDATE_PRODUCT = YES;
				XROS_DEPLOYMENT_TARGET = 1.0;
			};
			name = Release;
		};
		727F3A462B7D2368003F42E9 /* Debug */ = {
			isa = XCBuildConfiguration;
			buildSettings = {
				ASSETCATALOG_COMPILER_APPICON_NAME = AppIcon;
				ASSETCATALOG_COMPILER_GLOBAL_ACCENT_COLOR_NAME = AccentColor;
				CODE_SIGN_STYLE = Automatic;
				CURRENT_PROJECT_VERSION = 1;
				DEVELOPMENT_ASSET_PATHS = "\"Visionary Tic Tac Toe/Preview Content\"";
				DEVELOPMENT_TEAM = 364N6X63ZU;
				ENABLE_PREVIEWS = YES;
				GENERATE_INFOPLIST_FILE = YES;
				INFOPLIST_FILE = "$(TARGET_NAME)/Info.plist";
				LD_RUNPATH_SEARCH_PATHS = (
					"$(inherited)",
					"@executable_path/Frameworks",
				);
				MARKETING_VERSION = 1.0;
				PRODUCT_BUNDLE_IDENTIFIER = "com.appfinity.Visionary-Tic-Tac-Toe";
				PRODUCT_NAME = "$(TARGET_NAME)";
				SUPPORTED_PLATFORMS = "xros xrsimulator";
				SWIFT_EMIT_LOC_STRINGS = YES;
				SWIFT_VERSION = 5.0;
				TARGETED_DEVICE_FAMILY = "1,2,7";
			};
			name = Debug;
		};
		727F3A472B7D2368003F42E9 /* Release */ = {
			isa = XCBuildConfiguration;
			buildSettings = {
				ASSETCATALOG_COMPILER_APPICON_NAME = AppIcon;
				ASSETCATALOG_COMPILER_GLOBAL_ACCENT_COLOR_NAME = AccentColor;
				CODE_SIGN_STYLE = Automatic;
				CURRENT_PROJECT_VERSION = 1;
				DEVELOPMENT_ASSET_PATHS = "\"Visionary Tic Tac Toe/Preview Content\"";
				DEVELOPMENT_TEAM = 364N6X63ZU;
				ENABLE_PREVIEWS = YES;
				GENERATE_INFOPLIST_FILE = YES;
				INFOPLIST_FILE = "$(TARGET_NAME)/Info.plist";
				LD_RUNPATH_SEARCH_PATHS = (
					"$(inherited)",
					"@executable_path/Frameworks",
				);
				MARKETING_VERSION = 1.0;
				PRODUCT_BUNDLE_IDENTIFIER = "com.appfinity.Visionary-Tic-Tac-Toe";
				PRODUCT_NAME = "$(TARGET_NAME)";
				SUPPORTED_PLATFORMS = "xros xrsimulator";
				SWIFT_EMIT_LOC_STRINGS = YES;
				SWIFT_VERSION = 5.0;
				TARGETED_DEVICE_FAMILY = "1,2,7";
			};
			name = Release;
		};
/* End XCBuildConfiguration section */

/* Begin XCConfigurationList section */
		727F3A2D2B7D2367003F42E9 /* Build configuration list for PBXProject "Visionary Tic Tac Toe" */ = {
			isa = XCConfigurationList;
			buildConfigurations = (
				727F3A432B7D2368003F42E9 /* Debug */,
				727F3A442B7D2368003F42E9 /* Release */,
			);
			defaultConfigurationIsVisible = 0;
			defaultConfigurationName = Release;
		};
		727F3A452B7D2368003F42E9 /* Build configuration list for PBXNativeTarget "Visionary Tic Tac Toe" */ = {
			isa = XCConfigurationList;
			buildConfigurations = (
				727F3A462B7D2368003F42E9 /* Debug */,
				727F3A472B7D2368003F42E9 /* Release */,
			);
			defaultConfigurationIsVisible = 0;
			defaultConfigurationName = Release;
		};
/* End XCConfigurationList section */

/* Begin XCSwiftPackageProductDependency section */
		727F3A372B7D2367003F42E9 /* RealityKitContent */ = {
			isa = XCSwiftPackageProductDependency;
			productName = RealityKitContent;
		};
/* End XCSwiftPackageProductDependency section */
	};
	rootObject = 727F3A2A2B7D2367003F42E9 /* Project object */;
}
